
Microsoft Visual Studio Solution File, Format Version 11.00
# Visual Studio 2010
Project("{FAE04EC0-301F-11D3-BF4B-00C04F79EFBC}") = "Cadves2012", "Cadves2012\Cadves2012.csproj", "{D68BAA1A-FEC0-4511-8504-678897474E06}"
EndProject
Global
	GlobalSection(SolutionConfigurationPlatforms) = preSolution
		Debug|x86 = Debug|x86
		Release|x86 = Release|x86
	EndGlobalSection
	GlobalSection(ProjectConfigurationPlatforms) = postSolution
		{D68BAA1A-FEC0-4511-8504-678897474E06}.Debug|x86.ActiveCfg = Debug|x86
		{D68BAA1A-FEC0-4511-8504-678897474E06}.Debug|x86.Build.0 = Debug|x86
		{D68BAA1A-FEC0-4511-8504-678897474E06}.Release|x86.ActiveCfg = Release|x86
		{D68BAA1A-FEC0-4511-8504-678897474E06}.Release|x86.Build.0 = Release|x86
	EndGlobalSection
	GlobalSection(SolutionProperties) = preSolution
		HideSolutionNode = FALSE
	EndGlobalSection
EndGlobal
